
Microsoft Visual Studio Solution File, Format Version 12.00
# Visual Studio 15
VisualStudioVersion = 15.0.28307.1022
MinimumVisualStudioVersion = 10.0.40219.1
Project("{FAE04EC0-301F-11D3-BF4B-00C04F79EFBC}") = "GGAuth.Web", "GGAuth.Web\GGAuth.Web.csproj", "{84FE9E7F-BBC3-45A3-8F34-10B8466F208E}"
EndProject
Global
	GlobalSection(SolutionConfigurationPlatforms) = preSolution
		Debug|Any CPU = Debug|Any CPU
		Release|Any CPU = Release|Any CPU
	EndGlobalSection
	GlobalSection(ProjectConfigurationPlatforms) = postSolution
		{84FE9E7F-BBC3-45A3-8F34-10B8466F208E}.Debug|Any CPU.ActiveCfg = Debug|Any CPU
		{84FE9E7F-BBC3-45A3-8F34-10B8466F208E}.Debug|Any CPU.Build.0 = Debug|Any CPU
		{84FE9E7F-BBC3-45A3-8F34-10B8466F208E}.Release|Any CPU.ActiveCfg = Release|Any CPU
		{84FE9E7F-BBC3-45A3-8F34-10B8466F208E}.Release|Any CPU.Build.0 = Release|Any CPU
	EndGlobalSection
	GlobalSection(SolutionProperties) = preSolution
		HideSolutionNode = FALSE
	EndGlobalSection
	GlobalSection(ExtensibilityGlobals) = postSolution
		SolutionGuid = {B0BF5AEF-24D4-4403-97AE-F3A6F9A4D827}
	EndGlobalSection
EndGlobal
